Microsoft Visual Studio Solution File, Format Version 12.00
# Visual Studio Version 17
VisualStudioVersion = 17.5.2.0
MinimumVisualStudioVersion = 10.0.40219.1
Project("{FAE04EC0-301F-11D3-BF4B-00C04F79EFBC}") = "flag_tool", "flag_tool\flag_tool.csproj", "{5E09D4EA-8A28-C79A-860C-5FE09EF9188D}"
EndProject
Global
	GlobalSection(SolutionConfigurationPlatforms) = preSolution
		Debug|Any CPU = Debug|Any CPU
		Release|Any CPU = Release|Any CPU
	EndGlobalSection
	GlobalSection(ProjectConfigurationPlatforms) = postSolution
		{5E09D4EA-8A28-C79A-860C-5FE09EF9188D}.Debug|Any CPU.ActiveCfg = Debug|Any CPU
		{5E09D4EA-8A28-C79A-860C-5FE09EF9188D}.Debug|Any CPU.Build.0 = Debug|Any CPU
		{5E09D4EA-8A28-C79A-860C-5FE09EF9188D}.Release|Any CPU.ActiveCfg = Release|Any CPU
		{5E09D4EA-8A28-C79A-860C-5FE09EF9188D}.Release|Any CPU.Build.0 = Release|Any CPU
	EndGlobalSection
	GlobalSection(SolutionProperties) = preSolution
		HideSolutionNode = FALSE
	EndGlobalSection
	GlobalSection(ExtensibilityGlobals) = postSolution
		SolutionGuid = {00ABF68A-FEC4-4036-9CF5-C536B72097D5}
	EndGlobalSection
EndGlobal
